// !$*UTF8*$!
{
	archiveVersion = 1;
	classes = {
	};
	objectVersion = 45;
	objects = {

/* Begin PBXBuildFile section */
		1D3623EC0D0F72F000981E51 /* CoreGraphics.framework in Frameworks */ = {isa = PBXBuildFile; fileRef = 1D3623EB0D0F72F000981E51 /* CoreGraphics.framework */; };
		1D60589B0D05DD56006BFB54 /* main.m in Sources */ = {isa = PBXBuildFile; fileRef = 29B97316FDCFA39411CA2CEA /* main.m */; };
		1D60589E0D05DD5A006BFB54 /* CoreFoundation.framework in Frameworks */ = {isa = PBXBuildFile; fileRef = 1DC4B2650D05D9C8003A8154 /* CoreFoundation.framework */; };
		1DF5F4E00D08C38300B7A737 /* UIKit.framework in Frameworks */ = {isa = PBXBuildFile; fileRef = 1DF5F4DF0D08C38300B7A737 /* UIKit.framework */; };
		531F16A70D6367A3003D33FB /* PageTwoViewController.m in Sources */ = {isa = PBXBuildFile; fileRef = 531F16970D6367A3003D33FB /* PageTwoViewController.m */; };
		531F16A80D6367A3003D33FB /* PageOneViewController.m in Sources */ = {isa = PBXBuildFile; fileRef = 531F16980D6367A3003D33FB /* PageOneViewController.m */; };
		531F16A90D6367A3003D33FB /* AppDelegate.m in Sources */ = {isa = PBXBuildFile; fileRef = 531F16990D6367A3003D33FB /* AppDelegate.m */; };
		531F16AA0D6367A3003D33FB /* PageThreeViewController.m in Sources */ = {isa = PBXBuildFile; fileRef = 531F169C0D6367A3003D33FB /* PageThreeViewController.m */; };
		531F16AB0D6367A3003D33FB /* MainViewController.m in Sources */ = {isa = PBXBuildFile; fileRef = 531F16A20D6367A3003D33FB /* MainViewController.m */; };
		532806750DE3450600DEFBD2 /* email.png in Resources */ = {isa = PBXBuildFile; fileRef = 532806740DE3450600DEFBD2 /* email.png */; };
		535023F90D75FD77002B786D /* Page2.png in Resources */ = {isa = PBXBuildFile; fileRef = 535023F50D75FD77002B786D /* Page2.png */; };
		535023FA0D75FD77002B786D /* Page4.png in Resources */ = {isa = PBXBuildFile; fileRef = 535023F60D75FD77002B786D /* Page4.png */; };
		535023FB0D75FD77002B786D /* Page3.png in Resources */ = {isa = PBXBuildFile; fileRef = 535023F70D75FD77002B786D /* Page3.png */; };
		535023FC0D75FD77002B786D /* Page1.png in Resources */ = {isa = PBXBuildFile; fileRef = 535023F80D75FD77002B786D /* Page1.png */; };
		537204D40DC28C260048CDA2 /* PageThreeViewController.xib in Resources */ = {isa = PBXBuildFile; fileRef = 537204C80DC28C260048CDA2 /* PageThreeViewController.xib */; };
		537204D50DC28C260048CDA2 /* PageFiveViewController.xib in Resources */ = {isa = PBXBuildFile; fileRef = 537204CA0DC28C260048CDA2 /* PageFiveViewController.xib */; };
		537204D60DC28C260048CDA2 /* PageFourViewController.xib in Resources */ = {isa = PBXBuildFile; fileRef = 537204CC0DC28C260048CDA2 /* PageFourViewController.xib */; };
		537204D70DC28C260048CDA2 /* MainWindow.xib in Resources */ = {isa = PBXBuildFile; fileRef = 537204CE0DC28C260048CDA2 /* MainWindow.xib */; };
		537204D80DC28C260048CDA2 /* PageOneViewController.xib in Resources */ = {isa = PBXBuildFile; fileRef = 537204D00DC28C260048CDA2 /* PageOneViewController.xib */; };
		537204D90DC28C260048CDA2 /* PageTwoViewController.xib in Resources */ = {isa = PBXBuildFile; fileRef = 537204D20DC28C260048CDA2 /* PageTwoViewController.xib */; };
		537204DE0DC28C310048CDA2 /* Localizable.strings in Resources */ = {isa = PBXBuildFile; fileRef = 537204DA0DC28C310048CDA2 /* Localizable.strings */; };
		537204DF0DC28C310048CDA2 /* InfoPlist.strings in Resources */ = {isa = PBXBuildFile; fileRef = 537204DC0DC28C310048CDA2 /* InfoPlist.strings */; };
		5379185F0DD372EC000C63C1 /* ModalViewController.m in Sources */ = {isa = PBXBuildFile; fileRef = 5379185D0DD372EC000C63C1 /* ModalViewController.m */; };
		537918850DD37474000C63C1 /* ModalViewController.xib in Resources */ = {isa = PBXBuildFile; fileRef = 537918830DD37474000C63C1 /* ModalViewController.xib */; };
		538F313D0D9D5E6A0064A664 /* PageFiveViewController.m in Sources */ = {isa = PBXBuildFile; fileRef = 538F313C0D9D5E6A0064A664 /* PageFiveViewController.m */; };
		53934A560D75B5DF00B04BC8 /* down.png in Resources */ = {isa = PBXBuildFile; fileRef = 53934A540D75B5DF00B04BC8 /* down.png */; };
		53934A5A0D75B64900B04BC8 /* up.png in Resources */ = {isa = PBXBuildFile; fileRef = 53934A590D75B64900B04BC8 /* up.png */; };
		539EC7520D775DBC000F2963 /* Icon.png in Resources */ = {isa = PBXBuildFile; fileRef = 539EC7510D775DBC000F2963 /* Icon.png */; };
		53A79EB90D70DF2A005FAC2C /* PageFourViewController.m in Sources */ = {isa = PBXBuildFile; fileRef = 53A79EB80D70DF2A005FAC2C /* PageFourViewController.m */; };
		53AEC8F90DE7234E00D709B6 /* Default.png in Resources */ = {isa = PBXBuildFile; fileRef = 53AEC8F80DE7234E00D709B6 /* Default.png */; };
		53D090D90FA2391E00BB0543 /* Foundation.framework in Frameworks */ = {isa = PBXBuildFile; fileRef = 1D30AB110D05D00D00671497 /* Foundation.framework */; };
/* End PBXBuildFile section */

/* Begin PBXFileReference section */
		1D30AB110D05D00D00671497 /* Foundation.framework */ = {isa = PBXFileReference; lastKnownFileType = wrapper.framework; name = Foundation.framework; path = System/Library/Frameworks/Foundation.framework; sourceTree = SDKROOT; };
		1D3623EB0D0F72F000981E51 /* CoreGraphics.framework */ = {isa = PBXFileReference; lastKnownFileType = wrapper.framework; name = CoreGraphics.framework; path = System/Library/Frameworks/CoreGraphics.framework; sourceTree = SDKROOT; };
		1D6058910D05DD3D006BFB54 /* NavBar.app */ = {isa = PBXFileReference; explicitFileType = wrapper.application; includeInIndex = 0; path = NavBar.app; sourceTree = BUILT_PRODUCTS_DIR; };
		1DC4B2650D05D9C8003A8154 /* CoreFoundation.framework */ = {isa = PBXFileReference; lastKnownFileType = wrapper.framework; name = CoreFoundation.framework; path = System/Library/Frameworks/CoreFoundation.framework; sourceTree = SDKROOT; };
		1DF5F4DF0D08C38300B7A737 /* UIKit.framework */ = {isa = PBXFileReference; lastKnownFileType = wrapper.framework; name = UIKit.framework; path = System/Library/Frameworks/UIKit.framework; sourceTree = SDKROOT; };
		29B97316FDCFA39411CA2CEA /* main.m */ = {isa = PBXFileReference; fileEncoding = 4; lastKnownFileType = sourcecode.c.objc; path = main.m; sourceTree = "<group>"; };
		531F16910D63677B003D33FB /* Prefix.pch */ = {isa = PBXFileReference; fileEncoding = 4; lastKnownFileType = sourcecode.c.h; path = Prefix.pch; sourceTree = "<group>"; };
		531F16940D6367A3003D33FB /* MainViewController.h */ = {isa = PBXFileReference; fileEncoding = 4; lastKnownFileType = sourcecode.c.h; path = MainViewController.h; sourceTree = "<group>"; };
		531F16970D6367A3003D33FB /* PageTwoViewController.m */ = {isa = PBXFileReference; fileEncoding = 4; lastKnownFileType = sourcecode.c.objc; path = PageTwoViewController.m; sourceTree = "<group>"; };
		531F16980D6367A3003D33FB /* PageOneViewController.m */ = {isa = PBXFileReference; fileEncoding = 4; lastKnownFileType = sourcecode.c.objc; path = PageOneViewController.m; sourceTree = "<group>"; };
		531F16990D6367A3003D33FB /* AppDelegate.m */ = {isa = PBXFileReference; fileEncoding = 4; lastKnownFileType = sourcecode.c.objc; path = AppDelegate.m; sourceTree = "<group>"; };
		531F169C0D6367A3003D33FB /* PageThreeViewController.m */ = {isa = PBXFileReference; fileEncoding = 4; lastKnownFileType = sourcecode.c.objc; path = PageThreeViewController.m; sourceTree = "<group>"; };
		531F169E0D6367A3003D33FB /* PageTwoViewController.h */ = {isa = PBXFileReference; fileEncoding = 4; lastKnownFileType = sourcecode.c.h; path = PageTwoViewController.h; sourceTree = "<group>"; };
		531F169F0D6367A3003D33FB /* Constants.h */ = {isa = PBXFileReference; fileEncoding = 4; lastKnownFileType = sourcecode.c.h; path = Constants.h; sourceTree = "<group>"; };
		531F16A00D6367A3003D33FB /* PageOneViewController.h */ = {isa = PBXFileReference; fileEncoding = 4; lastKnownFileType = sourcecode.c.h; path = PageOneViewController.h; sourceTree = "<group>"; };
		531F16A10D6367A3003D33FB /* PageThreeViewController.h */ = {isa = PBXFileReference; fileEncoding = 4; lastKnownFileType = sourcecode.c.h; path = PageThreeViewController.h; sourceTree = "<group>"; };
		531F16A20D6367A3003D33FB /* MainViewController.m */ = {isa = PBXFileReference; fileEncoding = 4; lastKnownFileType = sourcecode.c.objc; path = MainViewController.m; sourceTree = "<group>"; };
		531F16A40D6367A3003D33FB /* AppDelegate.h */ = {isa = PBXFileReference; fileEncoding = 4; lastKnownFileType = sourcecode.c.h; path = AppDelegate.h; sourceTree = "<group>"; };
		532806740DE3450600DEFBD2 /* email.png */ = {isa = PBXFileReference; lastKnownFileType = image.png; path = email.png; sourceTree = "<group>"; };
		535023F50D75FD77002B786D /* Page2.png */ = {isa = PBXFileReference; lastKnownFileType = image.png; path = Page2.png; sourceTree = "<group>"; };
		535023F60D75FD77002B786D /* Page4.png */ = {isa = PBXFileReference; lastKnownFileType = image.png; path = Page4.png; sourceTree = "<group>"; };
		535023F70D75FD77002B786D /* Page3.png */ = {isa = PBXFileReference; lastKnownFileType = image.png; path = Page3.png; sourceTree = "<group>"; };
		535023F80D75FD77002B786D /* Page1.png */ = {isa = PBXFileReference; lastKnownFileType = image.png; path = Page1.png; sourceTree = "<group>"; };
		537204C90DC28C260048CDA2 /* en */ = {isa = PBXFileReference; lastKnownFileType = file.xib; name = en; path = en.lproj/PageThreeViewController.xib; sourceTree = "<group>"; };
		537204CB0DC28C260048CDA2 /* en */ = {isa = PBXFileReference; lastKnownFileType = file.xib; name = en; path = en.lproj/PageFiveViewController.xib; sourceTree = "<group>"; };
		537204CD0DC28C260048CDA2 /* en */ = {isa = PBXFileReference; lastKnownFileType = file.xib; name = en; path = en.lproj/PageFourViewController.xib; sourceTree = "<group>"; };
		537204CF0DC28C260048CDA2 /* en */ = {isa = PBXFileReference; lastKnownFileType = file.xib; name = en; path = en.lproj/MainWindow.xib; sourceTree = "<group>"; };
		537204D10DC28C260048CDA2 /* en */ = {isa = PBXFileReference; lastKnownFileType = file.xib; name = en; path = en.lproj/PageOneViewController.xib; sourceTree = "<group>"; };
		537204D30DC28C260048CDA2 /* en */ = {isa = PBXFileReference; lastKnownFileType = file.xib; name = en; path = en.lproj/PageTwoViewController.xib; sourceTree = "<group>"; };
		537204DB0DC28C310048CDA2 /* en */ = {isa = PBXFileReference; fileEncoding = 4; lastKnownFileType = text.plist.strings; name = en; path = en.lproj/Localizable.strings; sourceTree = "<group>"; };
		537204DD0DC28C310048CDA2 /* en */ = {isa = PBXFileReference; fileEncoding = 4; lastKnownFileType = text.plist.strings; name = en; path = en.lproj/InfoPlist.strings; sourceTree = "<group>"; };
		5379185D0DD372EC000C63C1 /* ModalViewController.m */ = {isa = PBXFileReference; fileEncoding = 4; lastKnownFileType = sourcecode.c.objc; path = ModalViewController.m; sourceTree = "<group>"; };
		5379185E0DD372EC000C63C1 /* ModalViewController.h */ = {isa = PBXFileReference; fileEncoding = 4; lastKnownFileType = sourcecode.c.h; path = ModalViewController.h; sourceTree = "<group>"; };
		537918840DD37474000C63C1 /* en */ = {isa = PBXFileReference; lastKnownFileType = file.xib; name = en; path = en.lproj/ModalViewController.xib; sourceTree = "<group>"; };
		538F313B0D9D5E6A0064A664 /* PageFiveViewController.h */ = {isa = PBXFileReference; fileEncoding = 4; lastKnownFileType = sourcecode.c.h; path = PageFiveViewController.h; sourceTree = "<group>"; };
		538F313C0D9D5E6A0064A664 /* PageFiveViewController.m */ = {isa = PBXFileReference; fileEncoding = 4; lastKnownFileType = sourcecode.c.objc; path = PageFiveViewController.m; sourceTree = "<group>"; };
		53934A540D75B5DF00B04BC8 /* down.png */ = {isa = PBXFileReference; lastKnownFileType = image.png; path = down.png; sourceTree = "<group>"; };
		53934A590D75B64900B04BC8 /* up.png */ = {isa = PBXFileReference; lastKnownFileType = image.png; path = up.png; sourceTree = "<group>"; };
		539C376E0DB8003400A5E2BB /* ReadMe.txt */ = {isa = PBXFileReference; fileEncoding = 4; lastKnownFileType = text; path = ReadMe.txt; sourceTree = "<group>"; wrapsLines = 1; };
		539EC7510D775DBC000F2963 /* Icon.png */ = {isa = PBXFileReference; lastKnownFileType = image.png; path = Icon.png; sourceTree = "<group>"; };
		53A79EB70D70DF2A005FAC2C /* PageFourViewController.h */ = {isa = PBXFileReference; fileEncoding = 4; lastKnownFileType = sourcecode.c.h; path = PageFourViewController.h; sourceTree = "<group>"; };
		53A79EB80D70DF2A005FAC2C /* PageFourViewController.m */ = {isa = PBXFileReference; fileEncoding = 4; lastKnownFileType = sourcecode.c.objc; path = PageFourViewController.m; sourceTree = "<group>"; };
		53AEC8F80DE7234E00D709B6 /* Default.png */ = {isa = PBXFileReference; lastKnownFileType = image.png; path = Default.png; sourceTree = SOURCE_ROOT; };
		8D1107310486CEB800E47090 /* Info.plist */ = {isa = PBXFileReference; fileEncoding = 4; lastKnownFileType = text.plist.xml; path = Info.plist; sourceTree = "<group>"; };
/* End PBXFileReference section */

/* Begin PBXFrameworksBuildPhase section */
		1D60588F0D05DD3D006BFB54 /* Frameworks */ = {
			isa = PBXFrameworksBuildPhase;
			buildActionMask = 2147483647;
			files = (
				1D60589E0D05DD5A006BFB54 /* CoreFoundation.framework in Frameworks */,
				1DF5F4E00D08C38300B7A737 /* UIKit.framework in Frameworks */,
				1D3623EC0D0F72F000981E51 /* CoreGraphics.framework in Frameworks */,
				53D090D90FA2391E00BB0543 /* Foundation.framework in Frameworks */,
			);
			runOnlyForDeploymentPostprocessing = 0;
		};
/* End PBXFrameworksBuildPhase section */

/* Begin PBXGroup section */
		19C28FACFE9D520D11CA2CBB /* Products */ = {
			isa = PBXGroup;
			children = (
				1D6058910D05DD3D006BFB54 /* NavBar.app */,
			);
			name = Products;
			sourceTree = "<group>";
		};
		29B97314FDCFA39411CA2CEA /* Toolbar */ = {
			isa = PBXGroup;
			children = (
				539C376E0DB8003400A5E2BB /* ReadMe.txt */,
				29B97315FDCFA39411CA2CEA /* Sources */,
				29B97317FDCFA39411CA2CEA /* Resources */,
				538764530D64CF47002B7201 /* images */,
				29B97323FDCFA39411CA2CEA /* Frameworks */,
				19C28FACFE9D520D11CA2CBB /* Products */,
			);
			name = Toolbar;
			sourceTree = "<group>";
		};
		29B97315FDCFA39411CA2CEA /* Sources */ = {
			isa = PBXGroup;
			children = (
				531F16910D63677B003D33FB /* Prefix.pch */,
				29B97316FDCFA39411CA2CEA /* main.m */,
				531F169F0D6367A3003D33FB /* Constants.h */,
				531F16A40D6367A3003D33FB /* AppDelegate.h */,
				531F16990D6367A3003D33FB /* AppDelegate.m */,
				531F16C10D6368DA003D33FB /* ViewControllers */,
			);
			name = Sources;
			sourceTree = "<group>";
		};
		29B97317FDCFA39411CA2CEA /* Resources */ = {
			isa = PBXGroup;
			children = (
				537204DA0DC28C310048CDA2 /* Localizable.strings */,
				537204DC0DC28C310048CDA2 /* InfoPlist.strings */,
				537204CE0DC28C260048CDA2 /* MainWindow.xib */,
				537204D00DC28C260048CDA2 /* PageOneViewController.xib */,
				537204D20DC28C260048CDA2 /* PageTwoViewController.xib */,
				537204C80DC28C260048CDA2 /* PageThreeViewController.xib */,
				537204CC0DC28C260048CDA2 /* PageFourViewController.xib */,
				537204CA0DC28C260048CDA2 /* PageFiveViewController.xib */,
				537918830DD37474000C63C1 /* ModalViewController.xib */,
				8D1107310486CEB800E47090 /* Info.plist */,
			);
			name = Resources;
			sourceTree = "<group>";
		};
		29B97323FDCFA39411CA2CEA /* Frameworks */ = {
			isa = PBXGroup;
			children = (
				1D3623EB0D0F72F000981E51 /* CoreGraphics.framework */,
				1DF5F4DF0D08C38300B7A737 /* UIKit.framework */,
				1DC4B2650D05D9C8003A8154 /* CoreFoundation.framework */,
				1D30AB110D05D00D00671497 /* Foundation.framework */,
			);
			name = Frameworks;
			sourceTree = "<group>";
		};
		531F16C10D6368DA003D33FB /* ViewControllers */ = {
			isa = PBXGroup;
			children = (
				531F16940D6367A3003D33FB /* MainViewController.h */,
				531F16A20D6367A3003D33FB /* MainViewController.m */,
				531F16A00D6367A3003D33FB /* PageOneViewController.h */,
				531F16980D6367A3003D33FB /* PageOneViewController.m */,
				531F169E0D6367A3003D33FB /* PageTwoViewController.h */,
				531F16970D6367A3003D33FB /* PageTwoViewController.m */,
				531F16A10D6367A3003D33FB /* PageThreeViewController.h */,
				531F169C0D6367A3003D33FB /* PageThreeViewController.m */,
				53A79EB70D70DF2A005FAC2C /* PageFourViewController.h */,
				53A79EB80D70DF2A005FAC2C /* PageFourViewController.m */,
				538F313B0D9D5E6A0064A664 /* PageFiveViewController.h */,
				538F313C0D9D5E6A0064A664 /* PageFiveViewController.m */,
				5379185E0DD372EC000C63C1 /* ModalViewController.h */,
				5379185D0DD372EC000C63C1 /* ModalViewController.m */,
			);
			name = ViewControllers;
			sourceTree = "<group>";
		};
		538764530D64CF47002B7201 /* images */ = {
			isa = PBXGroup;
			children = (
				53AEC8F80DE7234E00D709B6 /* Default.png */,
				532806740DE3450600DEFBD2 /* email.png */,
				539EC7510D775DBC000F2963 /* Icon.png */,
				53934A590D75B64900B04BC8 /* up.png */,
				53934A540D75B5DF00B04BC8 /* down.png */,
				535023F80D75FD77002B786D /* Page1.png */,
				535023F50D75FD77002B786D /* Page2.png */,
				535023F70D75FD77002B786D /* Page3.png */,
				535023F60D75FD77002B786D /* Page4.png */,
			);
			path = images;
			sourceTree = "<group>";
		};
/* End PBXGroup section */

/* Begin PBXNativeTarget section */
		1D6058900D05DD3D006BFB54 /* NavBar */ = {
			isa = PBXNativeTarget;
			buildConfigurationList = 1D6058960D05DD3E006BFB54 /* Build configuration list for PBXNativeTarget "NavBar" */;
			buildPhases = (
				1D60588D0D05DD3D006BFB54 /* Resources */,
				1D60588E0D05DD3D006BFB54 /* Sources */,
				1D60588F0D05DD3D006BFB54 /* Frameworks */,
			);
			buildRules = (
			);
			dependencies = (
			);
			name = NavBar;
			productName = foo;
			productReference = 1D6058910D05DD3D006BFB54 /* NavBar.app */;
			productType = "com.apple.product-type.application";
		};
/* End PBXNativeTarget section */

/* Begin PBXProject section */
		29B97313FDCFA39411CA2CEA /* Project object */ = {
			isa = PBXProject;
			buildConfigurationList = C01FCF4E08A954540054247B /* Build configuration list for PBXProject "NavBar" */;
			compatibilityVersion = "Xcode 3.1";
			hasScannedForEncodings = 1;
			knownRegions = (
				English,
				Japanese,
				French,
				German,
				en,
			);
			mainGroup = 29B97314FDCFA39411CA2CEA /* Toolbar */;
			projectDirPath = "";
			projectRoot = "";
			targets = (
				1D6058900D05DD3D006BFB54 /* NavBar */,
			);
		};
/* End PBXProject section */

/* Begin PBXResourcesBuildPhase section */
		1D60588D0D05DD3D006BFB54 /* Resources */ = {
			isa = PBXResourcesBuildPhase;
			buildActionMask = 2147483647;
			files = (
				53934A560D75B5DF00B04BC8 /* down.png in Resources */,
				53934A5A0D75B64900B04BC8 /* up.png in Resources */,
				535023F90D75FD77002B786D /* Page2.png in Resources */,
				535023FA0D75FD77002B786D /* Page4.png in Resources */,
				535023FB0D75FD77002B786D /* Page3.png in Resources */,
				535023FC0D75FD77002B786D /* Page1.png in Resources */,
				539EC7520D775DBC000F2963 /* Icon.png in Resources */,
				537204D40DC28C260048CDA2 /* PageThreeViewController.xib in Resources */,
				537204D50DC28C260048CDA2 /* PageFiveViewController.xib in Resources */,
				537204D60DC28C260048CDA2 /* PageFourViewController.xib in Resources */,
				537204D70DC28C260048CDA2 /* MainWindow.xib in Resources */,
				537204D80DC28C260048CDA2 /* PageOneViewController.xib in Resources */,
				537204D90DC28C260048CDA2 /* PageTwoViewController.xib in Resources */,
				537204DE0DC28C310048CDA2 /* Localizable.strings in Resources */,
				537204DF0DC28C310048CDA2 /* InfoPlist.strings in Resources */,
				537918850DD37474000C63C1 /* ModalViewController.xib in Resources */,
				532806750DE3450600DEFBD2 /* email.png in Resources */,
				53AEC8F90DE7234E00D709B6 /* Default.png in Resources */,
			);
			runOnlyForDeploymentPostprocessing = 0;
		};
/* End PBXResourcesBuildPhase section */

/* Begin PBXSourcesBuildPhase section */
		1D60588E0D05DD3D006BFB54 /* Sources */ = {
			isa = PBXSourcesBuildPhase;
			buildActionMask = 2147483647;
			files = (
				1D60589B0D05DD56006BFB54 /* main.m in Sources */,
				531F16A70D6367A3003D33FB /* PageTwoViewController.m in Sources */,
				531F16A80D6367A3003D33FB /* PageOneViewController.m in Sources */,
				531F16A90D6367A3003D33FB /* AppDelegate.m in Sources */,
				531F16AA0D6367A3003D33FB /* PageThreeViewController.m in Sources */,
				531F16AB0D6367A3003D33FB /* MainViewController.m in Sources */,
				53A79EB90D70DF2A005FAC2C /* PageFourViewController.m in Sources */,
				538F313D0D9D5E6A0064A664 /* PageFiveViewController.m in Sources */,
				5379185F0DD372EC000C63C1 /* ModalViewController.m in Sources */,
			);
			runOnlyForDeploymentPostprocessing = 0;
		};
/* End PBXSourcesBuildPhase section */

/* Begin PBXVariantGroup section */
		537204C80DC28C260048CDA2 /* PageThreeViewController.xib */ = {
			isa = PBXVariantGroup;
			children = (
				537204C90DC28C260048CDA2 /* en */,
			);
			name = PageThreeViewController.xib;
			sourceTree = "<group>";
		};
		537204CA0DC28C260048CDA2 /* PageFiveViewController.xib */ = {
			isa = PBXVariantGroup;
			children = (
				537204CB0DC28C260048CDA2 /* en */,
			);
			name = PageFiveViewController.xib;
			sourceTree = "<group>";
		};
		537204CC0DC28C260048CDA2 /* PageFourViewController.xib */ = {
			isa = PBXVariantGroup;
			children = (
				537204CD0DC28C260048CDA2 /* en */,
			);
			name = PageFourViewController.xib;
			sourceTree = "<group>";
		};
		537204CE0DC28C260048CDA2 /* MainWindow.xib */ = {
			isa = PBXVariantGroup;
			children = (
				537204CF0DC28C260048CDA2 /* en */,
			);
			name = MainWindow.xib;
			sourceTree = "<group>";
		};
		537204D00DC28C260048CDA2 /* PageOneViewController.xib */ = {
			isa = PBXVariantGroup;
			children = (
				537204D10DC28C260048CDA2 /* en */,
			);
			name = PageOneViewController.xib;
			sourceTree = "<group>";
		};
		537204D20DC28C260048CDA2 /* PageTwoViewController.xib */ = {
			isa = PBXVariantGroup;
			children = (
				537204D30DC28C260048CDA2 /* en */,
			);
			name = PageTwoViewController.xib;
			sourceTree = "<group>";
		};
		537204DA0DC28C310048CDA2 /* Localizable.strings */ = {
			isa = PBXVariantGroup;
			children = (
				537204DB0DC28C310048CDA2 /* en */,
			);
			name = Localizable.strings;
			sourceTree = "<group>";
		};
		537204DC0DC28C310048CDA2 /* InfoPlist.strings */ = {
			isa = PBXVariantGroup;
			children = (
				537204DD0DC28C310048CDA2 /* en */,
			);
			name = InfoPlist.strings;
			sourceTree = "<group>";
		};
		537918830DD37474000C63C1 /* ModalViewController.xib */ = {
			isa = PBXVariantGroup;
			children = (
				537918840DD37474000C63C1 /* en */,
			);
			name = ModalViewController.xib;
			sourceTree = "<group>";
		};
/* End PBXVariantGroup section */

/* Begin XCBuildConfiguration section */
		1D6058940D05DD3E006BFB54 /* Debug */ = {
			isa = XCBuildConfiguration;
			buildSettings = {
				"CODE_SIGN_IDENTITY[sdk=iphoneos*]" = "iPhone Developer";
				COPY_PHASE_STRIP = NO;
				DEBUG_INFORMATION_FORMAT = "dwarf-with-dsym";
				GCC_DYNAMIC_NO_PIC = NO;
				GCC_ENABLE_FIX_AND_CONTINUE = NO;
				GCC_OPTIMIZATION_LEVEL = 0;
				GCC_PRECOMPILE_PREFIX_HEADER = YES;
				GCC_PREFIX_HEADER = Prefix.pch;
				INFOPLIST_FILE = Info.plist;
				INSTALL_PATH = /Applications;
				PREBINDING = NO;
				PRODUCT_NAME = NavBar;
				WRAPPER_EXTENSION = app;
			};
			name = Debug;
		};
		1D6058950D05DD3E006BFB54 /* Release */ = {
			isa = XCBuildConfiguration;
			buildSettings = {
				"CODE_SIGN_IDENTITY[sdk=iphoneos*]" = "iPhone Developer";
				COPY_PHASE_STRIP = YES;
				DEBUG_INFORMATION_FORMAT = "dwarf-with-dsym";
				GCC_ENABLE_FIX_AND_CONTINUE = NO;
				GCC_PRECOMPILE_PREFIX_HEADER = YES;
				GCC_PREFIX_HEADER = Prefix.pch;
				INFOPLIST_FILE = Info.plist;
				INSTALL_PATH = /Applications;
				PREBINDING = NO;
				PRODUCT_NAME = NavBar;
				WRAPPER_EXTENSION = app;
			};
			name = Release;
		};
		C01FCF4F08A954540054247B /* Debug */ = {
			isa = XCBuildConfiguration;
			buildSettings = {
				ALWAYS_SEARCH_USER_PATHS = NO;
				ARCHS = "$(ARCHS_STANDARD_32_BIT)";
				GCC_TREAT_WARNINGS_AS_ERRORS = YES;
				GCC_WARN_ABOUT_RETURN_TYPE = YES;
				GCC_WARN_UNUSED_VARIABLE = YES;
				ONLY_ACTIVE_ARCH = YES;
				PREBINDING = NO;
				SDKROOT = iphoneos3.0;
			};
			name = Debug;
		};
		C01FCF5008A954540054247B /* Release */ = {
			isa = XCBuildConfiguration;
			buildSettings = {
				ALWAYS_SEARCH_USER_PATHS = NO;
				ARCHS = "$(ARCHS_STANDARD_32_BIT)";
				GCC_TREAT_WARNINGS_AS_ERRORS = YES;
				GCC_WARN_ABOUT_RETURN_TYPE = YES;
				GCC_WARN_UNUSED_VARIABLE = YES;
				PREBINDING = NO;
				SDKROOT = iphoneos3.0;
			};
			name = Release;
		};
/* End XCBuildConfiguration section */

/* Begin XCConfigurationList section */
		1D6058960D05DD3E006BFB54 /* Build configuration list for PBXNativeTarget "NavBar" */ = {
			isa = XCConfigurationList;
			buildConfigurations = (
				1D6058940D05DD3E006BFB54 /* Debug */,
				1D6058950D05DD3E006BFB54 /* Release */,
			);
			defaultConfigurationIsVisible = 0;
			defaultConfigurationName = Release;
		};
		C01FCF4E08A954540054247B /* Build configuration list for PBXProject "NavBar" */ = {
			isa = XCConfigurationList;
			buildConfigurations = (
				C01FCF4F08A954540054247B /* Debug */,
				C01FCF5008A954540054247B /* Release */,
			);
			defaultConfigurationIsVisible = 0;
			defaultConfigurationName = Release;
		};
/* End XCConfigurationList section */
	};
	rootObject = 29B97313FDCFA39411CA2CEA /* Project object */;
}
